
Microsoft Visual Studio Solution File, Format Version 12.00
# Visual Studio Version 17
VisualStudioVersion = 17.10.34928.147
MinimumVisualStudioVersion = 10.0.40219.1
Project("{FAE04EC0-301F-11D3-BF4B-00C04F79EFBC}") = "LabTask", "LabTask\LabTask.csproj", "{25659320-E4A8-48DF-9FB3-A5B78F5448ED}"
EndProject
Global
	GlobalSection(SolutionConfigurationPlatforms) = preSolution
		Debug|Any CPU = Debug|Any CPU
		Release|Any CPU = Release|Any CPU
	EndGlobalSection
	GlobalSection(ProjectConfigurationPlatforms) = postSolution
		{25659320-E4A8-48DF-9FB3-A5B78F5448ED}.Debug|Any CPU.ActiveCfg = Debug|Any CPU
		{25659320-E4A8-48DF-9FB3-A5B78F5448ED}.Debug|Any CPU.Build.0 = Debug|Any CPU
		{25659320-E4A8-48DF-9FB3-A5B78F5448ED}.Release|Any CPU.ActiveCfg = Release|Any CPU
		{25659320-E4A8-48DF-9FB3-A5B78F5448ED}.Release|Any CPU.Build.0 = Release|Any CPU
	EndGlobalSection
	GlobalSection(SolutionProperties) = preSolution
		HideSolutionNode = FALSE
	EndGlobalSection
	GlobalSection(ExtensibilityGlobals) = postSolution
		SolutionGuid = {58C3B58B-F99E-49B8-896B-F5F01445FEF9}
	EndGlobalSection
EndGlobal
